
Microsoft Visual Studio Solution File, Format Version 12.00
# Visual Studio Version 16
VisualStudioVersion = 16.0.31205.134
MinimumVisualStudioVersion = 10.0.40219.1
Project("{2150E333-8FDC-42A3-9474-1A3956D46DE8}") = "Domain", "Domain", "{C6D4147E-9DDE-49CE-A149-4B56E5C5DD18}"
EndProject
Project("{2150E333-8FDC-42A3-9474-1A3956D46DE8}") = "Application", "Application", "{6FD5E4CF-0C5D-4BF7-93ED-76D10FB1C40C}"
EndProject
Project("{2150E333-8FDC-42A3-9474-1A3956D46DE8}") = "Infra.IOC", "Infra.IOC", "{E5658EE6-4224-4E71-AF5E-463A0E32394A}"
EndProject
Project("{2150E333-8FDC-42A3-9474-1A3956D46DE8}") = "Infra.Data", "Infra.Data", "{AD0B2EF8-7533-491D-AE3F-5870AA9B8830}"
EndProject
Project("{2150E333-8FDC-42A3-9474-1A3956D46DE8}") = "Presentation", "Presentation", "{900D07CA-F741-4CF7-94E0-B398EB3DAA7D}"
EndProject
Project("{9A19103F-16F7-4668-BE54-9A1E7A4F7556}") = "CleanArch.MVC", "CleanArch.MVC\CleanArch.MVC.csproj", "{BB3E7B2C-6F1F-4122-8157-8108E66142C7}"
EndProject
Project("{9A19103F-16F7-4668-BE54-9A1E7A4F7556}") = "CleanArch.Domain", "CleanArch.Domain\CleanArch.Domain.csproj", "{C582E3B4-7314-46B0-A33D-D4F915BB3180}"
EndProject
Project("{9A19103F-16F7-4668-BE54-9A1E7A4F7556}") = "CleanArch.Infra.Data", "CleanArch.Infra.Data\CleanArch.Infra.Data.csproj", "{F3294B00-BF6C-46A0-8A65-726E5D15D99E}"
EndProject
Project("{9A19103F-16F7-4668-BE54-9A1E7A4F7556}") = "CleanArch.Application", "CleanArch.Application\CleanArch.Application.csproj", "{1B270CB2-15CE-4AA6-8F17-496D2A90C8CB}"
EndProject
Project("{9A19103F-16F7-4668-BE54-9A1E7A4F7556}") = "CleanArch.Infra.IoC", "CleanArch.Infra.IoC\CleanArch.Infra.IoC.csproj", "{D69AF4B5-6AEB-4C86-AE3A-19719EACDB0F}"
EndProject
Project("{2150E333-8FDC-42A3-9474-1A3956D46DE8}") = "Infra.Bus", "Infra.Bus", "{D57D2631-11C9-4DAE-A3D6-15D56DD34E9B}"
EndProject
Project("{2150E333-8FDC-42A3-9474-1A3956D46DE8}") = "API", "API", "{D2A5E27A-0ACF-4145-AFC4-FBA007CA4698}"
EndProject
Project("{FAE04EC0-301F-11D3-BF4B-00C04F79EFBC}") = "CleanArch.Infra.Bus", "CleanArch.Infra.Bus\CleanArch.Infra.Bus.csproj", "{D1D46DF3-CCE2-4E8A-9B94-EE5D2B654A30}"
EndProject
Project("{FAE04EC0-301F-11D3-BF4B-00C04F79EFBC}") = "CleanArch.Domain.Core", "CleanArch.Domain.Core\CleanArch.Domain.Core.csproj", "{21021A08-35F9-49AC-9A46-3A5808B37EC4}"
EndProject
Global
	GlobalSection(SolutionConfigurationPlatforms) = preSolution
		Debug|Any CPU = Debug|Any CPU
		Release|Any CPU = Release|Any CPU
	EndGlobalSection
	GlobalSection(ProjectConfigurationPlatforms) = postSolution
		{BB3E7B2C-6F1F-4122-8157-8108E66142C7}.Debug|Any CPU.ActiveCfg = Debug|Any CPU
		{BB3E7B2C-6F1F-4122-8157-8108E66142C7}.Debug|Any CPU.Build.0 = Debug|Any CPU
		{BB3E7B2C-6F1F-4122-8157-8108E66142C7}.Release|Any CPU.ActiveCfg = Release|Any CPU
		{BB3E7B2C-6F1F-4122-8157-8108E66142C7}.Release|Any CPU.Build.0 = Release|Any CPU
		{C582E3B4-7314-46B0-A33D-D4F915BB3180}.Debug|Any CPU.ActiveCfg = Debug|Any CPU
		{C582E3B4-7314-46B0-A33D-D4F915BB3180}.Debug|Any CPU.Build.0 = Debug|Any CPU
		{C582E3B4-7314-46B0-A33D-D4F915BB3180}.Release|Any CPU.ActiveCfg = Release|Any CPU
		{C582E3B4-7314-46B0-A33D-D4F915BB3180}.Release|Any CPU.Build.0 = Release|Any CPU
		{F3294B00-BF6C-46A0-8A65-726E5D15D99E}.Debug|Any CPU.ActiveCfg = Debug|Any CPU
		{F3294B00-BF6C-46A0-8A65-726E5D15D99E}.Debug|Any CPU.Build.0 = Debug|Any CPU
		{F3294B00-BF6C-46A0-8A65-726E5D15D99E}.Release|Any CPU.ActiveCfg = Release|Any CPU
		{F3294B00-BF6C-46A0-8A65-726E5D15D99E}.Release|Any CPU.Build.0 = Release|Any CPU
		{1B270CB2-15CE-4AA6-8F17-496D2A90C8CB}.Debug|Any CPU.ActiveCfg = Debug|Any CPU
		{1B270CB2-15CE-4AA6-8F17-496D2A90C8CB}.Debug|Any CPU.Build.0 = Debug|Any CPU
		{1B270CB2-15CE-4AA6-8F17-496D2A90C8CB}.Release|Any CPU.ActiveCfg = Release|Any CPU
		{1B270CB2-15CE-4AA6-8F17-496D2A90C8CB}.Release|Any CPU.Build.0 = Release|Any CPU
		{D69AF4B5-6AEB-4C86-AE3A-19719EACDB0F}.Debug|Any CPU.ActiveCfg = Debug|Any CPU
		{D69AF4B5-6AEB-4C86-AE3A-19719EACDB0F}.Debug|Any CPU.Build.0 = Debug|Any CPU
		{D69AF4B5-6AEB-4C86-AE3A-19719EACDB0F}.Release|Any CPU.ActiveCfg = Release|Any CPU
		{D69AF4B5-6AEB-4C86-AE3A-19719EACDB0F}.Release|Any CPU.Build.0 = Release|Any CPU
		{D1D46DF3-CCE2-4E8A-9B94-EE5D2B654A30}.Debug|Any CPU.ActiveCfg = Debug|Any CPU
		{D1D46DF3-CCE2-4E8A-9B94-EE5D2B654A30}.Debug|Any CPU.Build.0 = Debug|Any CPU
		{D1D46DF3-CCE2-4E8A-9B94-EE5D2B654A30}.Release|Any CPU.ActiveCfg = Release|Any CPU
		{D1D46DF3-CCE2-4E8A-9B94-EE5D2B654A30}.Release|Any CPU.Build.0 = Release|Any CPU
		{21021A08-35F9-49AC-9A46-3A5808B37EC4}.Debug|Any CPU.ActiveCfg = Debug|Any CPU
		{21021A08-35F9-49AC-9A46-3A5808B37EC4}.Debug|Any CPU.Build.0 = Debug|Any CPU
		{21021A08-35F9-49AC-9A46-3A5808B37EC4}.Release|Any CPU.ActiveCfg = Release|Any CPU
		{21021A08-35F9-49AC-9A46-3A5808B37EC4}.Release|Any CPU.Build.0 = Release|Any CPU
	EndGlobalSection
	GlobalSection(SolutionProperties) = preSolution
		HideSolutionNode = FALSE
	EndGlobalSection
	GlobalSection(NestedProjects) = preSolution
		{BB3E7B2C-6F1F-4122-8157-8108E66142C7} = {900D07CA-F741-4CF7-94E0-B398EB3DAA7D}
		{C582E3B4-7314-46B0-A33D-D4F915BB3180} = {C6D4147E-9DDE-49CE-A149-4B56E5C5DD18}
		{F3294B00-BF6C-46A0-8A65-726E5D15D99E} = {AD0B2EF8-7533-491D-AE3F-5870AA9B8830}
		{1B270CB2-15CE-4AA6-8F17-496D2A90C8CB} = {6FD5E4CF-0C5D-4BF7-93ED-76D10FB1C40C}
		{D69AF4B5-6AEB-4C86-AE3A-19719EACDB0F} = {E5658EE6-4224-4E71-AF5E-463A0E32394A}
		{D1D46DF3-CCE2-4E8A-9B94-EE5D2B654A30} = {D57D2631-11C9-4DAE-A3D6-15D56DD34E9B}
		{21021A08-35F9-49AC-9A46-3A5808B37EC4} = {C6D4147E-9DDE-49CE-A149-4B56E5C5DD18}
	EndGlobalSection
	GlobalSection(ExtensibilityGlobals) = postSolution
		SolutionGuid = {73838F36-20F3-4422-ABB1-4EE77C0EDC89}
	EndGlobalSection
EndGlobal
